
Microsoft Visual Studio Solution File, Format Version 12.00
# Visual Studio 14
VisualStudioVersion = 14.0.25420.1
MinimumVisualStudioVersion = 10.0.40219.1
Project("{FAE04EC0-301F-11D3-BF4B-00C04F79EFBC}") = "Web", "Web\Web.csproj", "{067F4F3E-8063-44CA-B382-CE16E6DC5AA0}"
EndProject
Project("{FAE04EC0-301F-11D3-BF4B-00C04F79EFBC}") = "BaseModels", "BaseModels\BaseModels.csproj", "{5BECF96A-3FEE-4AB9-8225-8D80818C26BF}"
EndProject
Global
	GlobalSection(SolutionConfigurationPlatforms) = preSolution
		Debug|Any CPU = Debug|Any CPU
		Release|Any CPU = Release|Any CPU
	EndGlobalSection
	GlobalSection(ProjectConfigurationPlatforms) = postSolution
		{067F4F3E-8063-44CA-B382-CE16E6DC5AA0}.Debug|Any CPU.ActiveCfg = Debug|Any CPU
		{067F4F3E-8063-44CA-B382-CE16E6DC5AA0}.Debug|Any CPU.Build.0 = Debug|Any CPU
		{067F4F3E-8063-44CA-B382-CE16E6DC5AA0}.Release|Any CPU.ActiveCfg = Release|Any CPU
		{067F4F3E-8063-44CA-B382-CE16E6DC5AA0}.Release|Any CPU.Build.0 = Release|Any CPU
		{5BECF96A-3FEE-4AB9-8225-8D80818C26BF}.Debug|Any CPU.ActiveCfg = Debug|Any CPU
		{5BECF96A-3FEE-4AB9-8225-8D80818C26BF}.Debug|Any CPU.Build.0 = Debug|Any CPU
		{5BECF96A-3FEE-4AB9-8225-8D80818C26BF}.Release|Any CPU.ActiveCfg = Release|Any CPU
		{5BECF96A-3FEE-4AB9-8225-8D80818C26BF}.Release|Any CPU.Build.0 = Release|Any CPU
	EndGlobalSection
	GlobalSection(SolutionProperties) = preSolution
		HideSolutionNode = FALSE
	EndGlobalSection
EndGlobal
